
Microsoft Visual Studio Solution File, Format Version 12.00
# Visual Studio Version 16
VisualStudioVersion = 16.0.31424.327
MinimumVisualStudioVersion = 10.0.40219.1
Project("{FAE04EC0-301F-11D3-BF4B-00C04F79EFBC}") = "Chrome", "Chrome\Chrome.csproj", "{550E53AA-009E-4462-B381-64D1934052E1}"
EndProject
Global
	GlobalSection(SolutionConfigurationPlatforms) = preSolution
		Debug|Any CPU = Debug|Any CPU
		Release|Any CPU = Release|Any CPU
	EndGlobalSection
	GlobalSection(ProjectConfigurationPlatforms) = postSolution
		{550E53AA-009E-4462-B381-64D1934052E1}.Debug|Any CPU.ActiveCfg = Debug|Any CPU
		{550E53AA-009E-4462-B381-64D1934052E1}.Debug|Any CPU.Build.0 = Debug|Any CPU
		{550E53AA-009E-4462-B381-64D1934052E1}.Release|Any CPU.ActiveCfg = Release|Any CPU
		{550E53AA-009E-4462-B381-64D1934052E1}.Release|Any CPU.Build.0 = Release|Any CPU
	EndGlobalSection
	GlobalSection(SolutionProperties) = preSolution
		HideSolutionNode = FALSE
	EndGlobalSection
	GlobalSection(ExtensibilityGlobals) = postSolution
		SolutionGuid = {45D76173-F02F-4260-9068-987BBFB8B7B0}
	EndGlobalSection
EndGlobal
