
Microsoft Visual Studio Solution File, Format Version 12.00
# Visual Studio Version 17
VisualStudioVersion = 17.5.33530.505
MinimumVisualStudioVersion = 10.0.40219.1
Project("{FAE04EC0-301F-11D3-BF4B-00C04F79EFBC}") = "ElfWitthWords", "ElfWitthWords\ElfWitthWords.csproj", "{135091A0-5885-4988-B4B4-78C4E503548B}"
EndProject
Global
	GlobalSection(SolutionConfigurationPlatforms) = preSolution
		Debug|Any CPU = Debug|Any CPU
		Release|Any CPU = Release|Any CPU
	EndGlobalSection
	GlobalSection(ProjectConfigurationPlatforms) = postSolution
		{135091A0-5885-4988-B4B4-78C4E503548B}.Debug|Any CPU.ActiveCfg = Debug|Any CPU
		{135091A0-5885-4988-B4B4-78C4E503548B}.Debug|Any CPU.Build.0 = Debug|Any CPU
		{135091A0-5885-4988-B4B4-78C4E503548B}.Release|Any CPU.ActiveCfg = Release|Any CPU
		{135091A0-5885-4988-B4B4-78C4E503548B}.Release|Any CPU.Build.0 = Release|Any CPU
	EndGlobalSection
	GlobalSection(SolutionProperties) = preSolution
		HideSolutionNode = FALSE
	EndGlobalSection
	GlobalSection(ExtensibilityGlobals) = postSolution
		SolutionGuid = {347EB9A9-8EAA-432F-86D2-4C2B7B7A4397}
	EndGlobalSection
EndGlobal
